
Microsoft Visual Studio Solution File, Format Version 12.00
# Visual Studio 15
VisualStudioVersion = 15.0.26403.3
MinimumVisualStudioVersion = 10.0.40219.1
Project("{FAE04EC0-301F-11D3-BF4B-00C04F79EFBC}") = "Lesson1", "Lesson1\Lesson1.csproj", "{6A7D05CF-8766-44E4-9259-C8B618B20FA3}"
EndProject
Project("{FAE04EC0-301F-11D3-BF4B-00C04F79EFBC}") = "Lesson2", "Lesson2\Lesson2.csproj", "{945C9EE3-F00D-42C5-B3DE-6E0B33758BA0}"
EndProject
Project("{FAE04EC0-301F-11D3-BF4B-00C04F79EFBC}") = "Common", "Common\Common.csproj", "{713819AE-DB33-4EDD-B36E-2D84B465835A}"
EndProject
Project("{FAE04EC0-301F-11D3-BF4B-00C04F79EFBC}") = "Lesson3", "Lesson3\Lesson3.csproj", "{E895E3F5-94F1-42E7-9351-2556D2767A88}"
EndProject
Project("{FAE04EC0-301F-11D3-BF4B-00C04F79EFBC}") = "Lesson4", "Lesson4\Lesson4.csproj", "{867555B8-B5E3-402B-AB82-9C3161B1480E}"
EndProject
Project("{FAE04EC0-301F-11D3-BF4B-00C04F79EFBC}") = "Lesson5", "Lesson5\Lesson5.csproj", "{9CA36D7F-0433-4E9F-829F-94722A99A268}"
EndProject
Project("{FAE04EC0-301F-11D3-BF4B-00C04F79EFBC}") = "Lesson6", "Lesson6\Lesson6.csproj", "{DDB185BE-21CC-4136-B714-0DCF1BC7782B}"
EndProject
Project("{FAE04EC0-301F-11D3-BF4B-00C04F79EFBC}") = "BankApp", "BankApp\BankApp.csproj", "{7B3E6503-6A03-410A-9626-752A40AB10DA}"
EndProject
Global
	GlobalSection(SolutionConfigurationPlatforms) = preSolution
		Debug|Any CPU = Debug|Any CPU
		Release|Any CPU = Release|Any CPU
	EndGlobalSection
	GlobalSection(ProjectConfigurationPlatforms) = postSolution
		{6A7D05CF-8766-44E4-9259-C8B618B20FA3}.Debug|Any CPU.ActiveCfg = Debug|Any CPU
		{6A7D05CF-8766-44E4-9259-C8B618B20FA3}.Debug|Any CPU.Build.0 = Debug|Any CPU
		{6A7D05CF-8766-44E4-9259-C8B618B20FA3}.Release|Any CPU.ActiveCfg = Release|Any CPU
		{6A7D05CF-8766-44E4-9259-C8B618B20FA3}.Release|Any CPU.Build.0 = Release|Any CPU
		{945C9EE3-F00D-42C5-B3DE-6E0B33758BA0}.Debug|Any CPU.ActiveCfg = Debug|Any CPU
		{945C9EE3-F00D-42C5-B3DE-6E0B33758BA0}.Debug|Any CPU.Build.0 = Debug|Any CPU
		{945C9EE3-F00D-42C5-B3DE-6E0B33758BA0}.Release|Any CPU.ActiveCfg = Release|Any CPU
		{945C9EE3-F00D-42C5-B3DE-6E0B33758BA0}.Release|Any CPU.Build.0 = Release|Any CPU
		{713819AE-DB33-4EDD-B36E-2D84B465835A}.Debug|Any CPU.ActiveCfg = Debug|Any CPU
		{713819AE-DB33-4EDD-B36E-2D84B465835A}.Debug|Any CPU.Build.0 = Debug|Any CPU
		{713819AE-DB33-4EDD-B36E-2D84B465835A}.Release|Any CPU.ActiveCfg = Release|Any CPU
		{713819AE-DB33-4EDD-B36E-2D84B465835A}.Release|Any CPU.Build.0 = Release|Any CPU
		{E895E3F5-94F1-42E7-9351-2556D2767A88}.Debug|Any CPU.ActiveCfg = Debug|Any CPU
		{E895E3F5-94F1-42E7-9351-2556D2767A88}.Debug|Any CPU.Build.0 = Debug|Any CPU
		{E895E3F5-94F1-42E7-9351-2556D2767A88}.Release|Any CPU.ActiveCfg = Release|Any CPU
		{E895E3F5-94F1-42E7-9351-2556D2767A88}.Release|Any CPU.Build.0 = Release|Any CPU
		{867555B8-B5E3-402B-AB82-9C3161B1480E}.Debug|Any CPU.ActiveCfg = Debug|Any CPU
		{867555B8-B5E3-402B-AB82-9C3161B1480E}.Debug|Any CPU.Build.0 = Debug|Any CPU
		{867555B8-B5E3-402B-AB82-9C3161B1480E}.Release|Any CPU.ActiveCfg = Release|Any CPU
		{867555B8-B5E3-402B-AB82-9C3161B1480E}.Release|Any CPU.Build.0 = Release|Any CPU
		{9CA36D7F-0433-4E9F-829F-94722A99A268}.Debug|Any CPU.ActiveCfg = Debug|Any CPU
		{9CA36D7F-0433-4E9F-829F-94722A99A268}.Debug|Any CPU.Build.0 = Debug|Any CPU
		{9CA36D7F-0433-4E9F-829F-94722A99A268}.Release|Any CPU.ActiveCfg = Release|Any CPU
		{9CA36D7F-0433-4E9F-829F-94722A99A268}.Release|Any CPU.Build.0 = Release|Any CPU
		{DDB185BE-21CC-4136-B714-0DCF1BC7782B}.Debug|Any CPU.ActiveCfg = Debug|Any CPU
		{DDB185BE-21CC-4136-B714-0DCF1BC7782B}.Debug|Any CPU.Build.0 = Debug|Any CPU
		{DDB185BE-21CC-4136-B714-0DCF1BC7782B}.Release|Any CPU.ActiveCfg = Release|Any CPU
		{DDB185BE-21CC-4136-B714-0DCF1BC7782B}.Release|Any CPU.Build.0 = Release|Any CPU
		{7B3E6503-6A03-410A-9626-752A40AB10DA}.Debug|Any CPU.ActiveCfg = Debug|Any CPU
		{7B3E6503-6A03-410A-9626-752A40AB10DA}.Debug|Any CPU.Build.0 = Debug|Any CPU
		{7B3E6503-6A03-410A-9626-752A40AB10DA}.Release|Any CPU.ActiveCfg = Release|Any CPU
		{7B3E6503-6A03-410A-9626-752A40AB10DA}.Release|Any CPU.Build.0 = Release|Any CPU
	EndGlobalSection
	GlobalSection(SolutionProperties) = preSolution
		HideSolutionNode = FALSE
	EndGlobalSection
EndGlobal
